// !$*UTF8*$!
{
	archiveVersion = 1;
	classes = {
	};
	objectVersion = 56;
	objects = {

/* Begin PBXBuildFile section */
		0A04116E2A7D24B700442336 /* ValidateCacheUseCase.swift in Sources */ = {isa = PBXBuildFile; fileRef = 0A04116D2A7D24B700442336 /* ValidateCacheUseCase.swift */; };
		0A0411702A7D37FE00442336 /* CachePolicy.swift in Sources */ = {isa = PBXBuildFile; fileRef = 0A04116F2A7D37FE00442336 /* CachePolicy.swift */; };
		0A0411732A7D398400442336 /* Feedcache+helpers.swift in Sources */ = {isa = PBXBuildFile; fileRef = 0A0411722A7D398400442336 /* Feedcache+helpers.swift */; };
		0A0411752A7D39B200442336 /* SharedTestHelpers.swift in Sources */ = {isa = PBXBuildFile; fileRef = 0A0411742A7D39B200442336 /* SharedTestHelpers.swift */; };
		0A0411772A7D438000442336 /* LocalFeedImage.swift in Sources */ = {isa = PBXBuildFile; fileRef = 0A0411762A7D438000442336 /* LocalFeedImage.swift */; };
		0A04117D2A7D56BD00442336 /* CodableFeedStoreTests.swift in Sources */ = {isa = PBXBuildFile; fileRef = 0A04117C2A7D56BD00442336 /* CodableFeedStoreTests.swift */; };
		0A4D2DED2A797950008A9477 /* EssentialFeedEndToEndTests.swift in Sources */ = {isa = PBXBuildFile; fileRef = 0A4D2DEC2A797950008A9477 /* EssentialFeedEndToEndTests.swift */; };
		0A4D2DEE2A797950008A9477 /* EssentialFeed.framework in Frameworks */ = {isa = PBXBuildFile; fileRef = 0A7EDD662A7634960038D842 /* EssentialFeed.framework */; };
		0A4D2DF82A797A90008A9477 /* XCTestCase+MemoryTracking.swift in Sources */ = {isa = PBXBuildFile; fileRef = 0A4D2DF72A797A90008A9477 /* XCTestCase+MemoryTracking.swift */; };
		0A4D2DF92A797B3C008A9477 /* XCTestCase+MemoryTracking.swift in Sources */ = {isa = PBXBuildFile; fileRef = 0A4D2DF72A797A90008A9477 /* XCTestCase+MemoryTracking.swift */; };
		0A4D2DFB2A797BB4008A9477 /* URLSessionHTTPClient.swift in Sources */ = {isa = PBXBuildFile; fileRef = 0A4D2DFA2A797BB4008A9477 /* URLSessionHTTPClient.swift */; };
		0A4D2E042A7AC5CA008A9477 /* SaveFeedCacheUseCase.swift in Sources */ = {isa = PBXBuildFile; fileRef = 0A4D2E032A7AC5CA008A9477 /* SaveFeedCacheUseCase.swift */; };
		0A4D2E072A7B75C3008A9477 /* LocalFeedLoader.swift in Sources */ = {isa = PBXBuildFile; fileRef = 0A4D2E062A7B75C3008A9477 /* LocalFeedLoader.swift */; };
		0A4D2E092A7B76A6008A9477 /* FeedStore.swift in Sources */ = {isa = PBXBuildFile; fileRef = 0A4D2E082A7B76A6008A9477 /* FeedStore.swift */; };
		0A6FA4412A839BA70007CBAA /* FeedViewController.swift in Sources */ = {isa = PBXBuildFile; fileRef = 0A6FA4402A839BA70007CBAA /* FeedViewController.swift */; };
		0A6FA4432A83B2090007CBAA /* FeedImageCell.swift in Sources */ = {isa = PBXBuildFile; fileRef = 0A6FA4422A83B2090007CBAA /* FeedImageCell.swift */; };
		0A6FA4452A83CD350007CBAA /* UIView+shimmering.swift in Sources */ = {isa = PBXBuildFile; fileRef = 0A6FA4442A83CD350007CBAA /* UIView+shimmering.swift */; };
		0A6FA4482A83E54C0007CBAA /* FeedImageDataLoader.swift in Sources */ = {isa = PBXBuildFile; fileRef = 0A6FA4472A83E54C0007CBAA /* FeedImageDataLoader.swift */; };
		0A6FA44D2A862E110007CBAA /* RefreshController.swift in Sources */ = {isa = PBXBuildFile; fileRef = 0A6FA44C2A862E110007CBAA /* RefreshController.swift */; };
		0A6FA44F2A862E560007CBAA /* FeedImageCellController.swift in Sources */ = {isa = PBXBuildFile; fileRef = 0A6FA44E2A862E560007CBAA /* FeedImageCellController.swift */; };
		0A6FA4512A864DCC0007CBAA /* FeedUIComposer.swift in Sources */ = {isa = PBXBuildFile; fileRef = 0A6FA4502A864DCC0007CBAA /* FeedUIComposer.swift */; };
		0A7EDD6B2A7634960038D842 /* EssentialFeed.docc in Sources */ = {isa = PBXBuildFile; fileRef = 0A7EDD6A2A7634960038D842 /* EssentialFeed.docc */; };
		0A7EDD712A7634970038D842 /* EssentialFeed.framework in Frameworks */ = {isa = PBXBuildFile; fileRef = 0A7EDD662A7634960038D842 /* EssentialFeed.framework */; };
		0A7EDD762A7634970038D842 /* EssentialFeedTests.swift in Sources */ = {isa = PBXBuildFile; fileRef = 0A7EDD752A7634970038D842 /* EssentialFeedTests.swift */; };
		0A7EDD772A7634970038D842 /* EssentialFeed.h in Headers */ = {isa = PBXBuildFile; fileRef = 0A7EDD692A7634960038D842 /* EssentialFeed.h */; settings = {ATTRIBUTES = (Public, ); }; };
		0A7EDD812A7635B30038D842 /* FeedItem.swift in Sources */ = {isa = PBXBuildFile; fileRef = 0A7EDD802A7635B30038D842 /* FeedItem.swift */; };
		0A7EDD832A7636840038D842 /* FeedLoader.swift in Sources */ = {isa = PBXBuildFile; fileRef = 0A7EDD822A7636840038D842 /* FeedLoader.swift */; };
		0A7EDD882A764A760038D842 /* RemoteFeedLoaderTests.swift in Sources */ = {isa = PBXBuildFile; fileRef = 0A7EDD872A764A760038D842 /* RemoteFeedLoaderTests.swift */; };
		0A7EDD8B2A767F250038D842 /* RemoteFeedLoader.swift in Sources */ = {isa = PBXBuildFile; fileRef = 0A7EDD8A2A767F250038D842 /* RemoteFeedLoader.swift */; };
		0A7EDD8E2A77C90C0038D842 /* HTTPClient.swift in Sources */ = {isa = PBXBuildFile; fileRef = 0A7EDD8D2A77C90C0038D842 /* HTTPClient.swift */; };
		0A7EDD902A77C95F0038D842 /* FeedItemsMapper.swift in Sources */ = {isa = PBXBuildFile; fileRef = 0A7EDD8F2A77C95F0038D842 /* FeedItemsMapper.swift */; };
		0A7EDD922A79332D0038D842 /* URLSessionHTTPClientTests.swift in Sources */ = {isa = PBXBuildFile; fileRef = 0A7EDD912A79332D0038D842 /* URLSessionHTTPClientTests.swift */; };
		0A91A53E2A8379DC00912806 /* EssentialFeediOS.docc in Sources */ = {isa = PBXBuildFile; fileRef = 0A91A53D2A8379DC00912806 /* EssentialFeediOS.docc */; };
		0A91A5442A8379DC00912806 /* EssentialFeediOS.framework in Frameworks */ = {isa = PBXBuildFile; fileRef = 0A91A53A2A8379DC00912806 /* EssentialFeediOS.framework */; };
		0A91A54A2A8379DC00912806 /* EssentialFeediOS.h in Headers */ = {isa = PBXBuildFile; fileRef = 0A91A53C2A8379DC00912806 /* EssentialFeediOS.h */; settings = {ATTRIBUTES = (Public, ); }; };
		0A91A5522A837AFE00912806 /* FeedViewControllerTests.swift in Sources */ = {isa = PBXBuildFile; fileRef = 0A91A5512A837AFE00912806 /* FeedViewControllerTests.swift */; };
		0A91A5542A837CA500912806 /* EssentialFeed.framework in Frameworks */ = {isa = PBXBuildFile; fileRef = 0A7EDD662A7634960038D842 /* EssentialFeed.framework */; };
		0A91A5552A837CA500912806 /* EssentialFeed.framework in Embed Frameworks */ = {isa = PBXBuildFile; fileRef = 0A7EDD662A7634960038D842 /* EssentialFeed.framework */; settings = {ATTRIBUTES = (CodeSignOnCopy, RemoveHeadersOnCopy, ); }; };
		0A91A55A2A837EC400912806 /* XCTestCase+MemoryTracking.swift in Sources */ = {isa = PBXBuildFile; fileRef = 0A4D2DF72A797A90008A9477 /* XCTestCase+MemoryTracking.swift */; };
		0A99AE092A7D78A4001D5AA9 /* CodableFeedStore.swift in Sources */ = {isa = PBXBuildFile; fileRef = 0A99AE082A7D78A4001D5AA9 /* CodableFeedStore.swift */; };
		0AD667B32A7C0D54004DA90E /* LoadFeedCacheUseCase.swift in Sources */ = {isa = PBXBuildFile; fileRef = 0AD667B22A7C0D54004DA90E /* LoadFeedCacheUseCase.swift */; };
		0AD667B52A7C0DE3004DA90E /* FeedStoreSpy.swift in Sources */ = {isa = PBXBuildFile; fileRef = 0AD667B42A7C0DE3004DA90E /* FeedStoreSpy.swift */; };
		0AECCCD32A7EE80D0091BB1B /* FeedStoreSpecs.swift in Sources */ = {isa = PBXBuildFile; fileRef = 0AECCCD22A7EE80D0091BB1B /* FeedStoreSpecs.swift */; };
		0AECCCD52A7EE8E70091BB1B /* XCTestCase+FeedStoreSpecs.swift in Sources */ = {isa = PBXBuildFile; fileRef = 0AECCCD42A7EE8E70091BB1B /* XCTestCase+FeedStoreSpecs.swift */; };
		0AECCCD72A7EEF2E0091BB1B /* XCTestCase+FailableRetrieveFeedStoreSpecs.swift in Sources */ = {isa = PBXBuildFile; fileRef = 0AECCCD62A7EEF2E0091BB1B /* XCTestCase+FailableRetrieveFeedStoreSpecs.swift */; };
		0AECCCD92A7EEF500091BB1B /* XCTestCase+FailableInsertFeedStoreSpecs.swift in Sources */ = {isa = PBXBuildFile; fileRef = 0AECCCD82A7EEF500091BB1B /* XCTestCase+FailableInsertFeedStoreSpecs.swift */; };
		0AECCCDB2A7EEF6B0091BB1B /* XCTestCase+FailableDeleteFeedStoreSpecs.swift in Sources */ = {isa = PBXBuildFile; fileRef = 0AECCCDA2A7EEF6B0091BB1B /* XCTestCase+FailableDeleteFeedStoreSpecs.swift */; };
		0AECCCDD2A7EF3A70091BB1B /* CoreDataFeedStoreTests.swift in Sources */ = {isa = PBXBuildFile; fileRef = 0AECCCDC2A7EF3A70091BB1B /* CoreDataFeedStoreTests.swift */; };
		0AECCD032A7F9DA10091BB1B /* CoreDataFeedStore.swift in Sources */ = {isa = PBXBuildFile; fileRef = 0AECCD022A7F9DA00091BB1B /* CoreDataFeedStore.swift */; };
		0AECCD042A7F9DAE0091BB1B /* CoreDataFeed.xcdatamodeld in Sources */ = {isa = PBXBuildFile; fileRef = 0AECCCDE2A7F73850091BB1B /* CoreDataFeed.xcdatamodeld */; };
		0AECCD052A7F9DB20091BB1B /* FeedDataModel.swift in Sources */ = {isa = PBXBuildFile; fileRef = 0AECCCF92A7F782B0091BB1B /* FeedDataModel.swift */; };
		0AECCD072A7F9DBA0091BB1B /* FeedImageDataModel.swift in Sources */ = {isa = PBXBuildFile; fileRef = 0AECCCFB2A7F782B0091BB1B /* FeedImageDataModel.swift */; };
		0AECCD0A2A7FA3740091BB1B /* CoreDataStack.swift in Sources */ = {isa = PBXBuildFile; fileRef = 0AECCD092A7FA3740091BB1B /* CoreDataStack.swift */; };
		0AECCD0C2A7FA4F80091BB1B /* InMemoryCoreDataStack.swift in Sources */ = {isa = PBXBuildFile; fileRef = 0AECCD0B2A7FA4F80091BB1B /* InMemoryCoreDataStack.swift */; };
/* End PBXBuildFile section */

/* Begin PBXContainerItemProxy section */
		0A4D2DEF2A797950008A9477 /* PBXContainerItemProxy */ = {
			isa = PBXContainerItemProxy;
			containerPortal = 0A7EDD5D2A7634960038D842 /* Project object */;
			proxyType = 1;
			remoteGlobalIDString = 0A7EDD652A7634960038D842;
			remoteInfo = EssentialFeed;
		};
		0A7EDD722A7634970038D842 /* PBXContainerItemProxy */ = {
			isa = PBXContainerItemProxy;
			containerPortal = 0A7EDD5D2A7634960038D842 /* Project object */;
			proxyType = 1;
			remoteGlobalIDString = 0A7EDD652A7634960038D842;
			remoteInfo = EssentialFeed;
		};
		0A91A5452A8379DC00912806 /* PBXContainerItemProxy */ = {
			isa = PBXContainerItemProxy;
			containerPortal = 0A7EDD5D2A7634960038D842 /* Project object */;
			proxyType = 1;
			remoteGlobalIDString = 0A91A5392A8379DC00912806;
			remoteInfo = EssentialFeediOS;
		};
		0A91A5562A837CA500912806 /* PBXContainerItemProxy */ = {
			isa = PBXContainerItemProxy;
			containerPortal = 0A7EDD5D2A7634960038D842 /* Project object */;
			proxyType = 1;
			remoteGlobalIDString = 0A7EDD652A7634960038D842;
			remoteInfo = EssentialFeed;
		};
/* End PBXContainerItemProxy section */

/* Begin PBXCopyFilesBuildPhase section */
		0A91A5582A837CA500912806 /* Embed Frameworks */ = {
			isa = PBXCopyFilesBuildPhase;
			buildActionMask = 2147483647;
			dstPath = "";
			dstSubfolderSpec = 10;
			files = (
				0A91A5552A837CA500912806 /* EssentialFeed.framework in Embed Frameworks */,
			);
			name = "Embed Frameworks";
			runOnlyForDeploymentPostprocessing = 0;
		};
/* End PBXCopyFilesBuildPhase section */

/* Begin PBXFileReference section */
		0A04116D2A7D24B700442336 /* ValidateCacheUseCase.swift */ = {isa = PBXFileReference; lastKnownFileType = sourcecode.swift; path = ValidateCacheUseCase.swift; sourceTree = "<group>"; };
		0A04116F2A7D37FE00442336 /* CachePolicy.swift */ = {isa = PBXFileReference; lastKnownFileType = sourcecode.swift; path = CachePolicy.swift; sourceTree = "<group>"; };
		0A0411722A7D398400442336 /* Feedcache+helpers.swift */ = {isa = PBXFileReference; lastKnownFileType = sourcecode.swift; path = "Feedcache+helpers.swift"; sourceTree = "<group>"; };
		0A0411742A7D39B200442336 /* SharedTestHelpers.swift */ = {isa = PBXFileReference; lastKnownFileType = sourcecode.swift; path = SharedTestHelpers.swift; sourceTree = "<group>"; };
		0A0411762A7D438000442336 /* LocalFeedImage.swift */ = {isa = PBXFileReference; lastKnownFileType = sourcecode.swift; path = LocalFeedImage.swift; sourceTree = "<group>"; };
		0A04117C2A7D56BD00442336 /* CodableFeedStoreTests.swift */ = {isa = PBXFileReference; lastKnownFileType = sourcecode.swift; path = CodableFeedStoreTests.swift; sourceTree = "<group>"; };
		0A4D2DEA2A797950008A9477 /* EssentialFeedEndToEndTests.xctest */ = {isa = PBXFileReference; explicitFileType = wrapper.cfbundle; includeInIndex = 0; path = EssentialFeedEndToEndTests.xctest; sourceTree = BUILT_PRODUCTS_DIR; };
		0A4D2DEC2A797950008A9477 /* EssentialFeedEndToEndTests.swift */ = {isa = PBXFileReference; lastKnownFileType = sourcecode.swift; path = EssentialFeedEndToEndTests.swift; sourceTree = "<group>"; };
		0A4D2DF72A797A90008A9477 /* XCTestCase+MemoryTracking.swift */ = {isa = PBXFileReference; lastKnownFileType = sourcecode.swift; path = "XCTestCase+MemoryTracking.swift"; sourceTree = "<group>"; };
		0A4D2DFA2A797BB4008A9477 /* URLSessionHTTPClient.swift */ = {isa = PBXFileReference; lastKnownFileType = sourcecode.swift; path = URLSessionHTTPClient.swift; sourceTree = "<group>"; };
		0A4D2E032A7AC5CA008A9477 /* SaveFeedCacheUseCase.swift */ = {isa = PBXFileReference; lastKnownFileType = sourcecode.swift; path = SaveFeedCacheUseCase.swift; sourceTree = "<group>"; };
		0A4D2E062A7B75C3008A9477 /* LocalFeedLoader.swift */ = {isa = PBXFileReference; lastKnownFileType = sourcecode.swift; path = LocalFeedLoader.swift; sourceTree = "<group>"; };
		0A4D2E082A7B76A6008A9477 /* FeedStore.swift */ = {isa = PBXFileReference; lastKnownFileType = sourcecode.swift; path = FeedStore.swift; sourceTree = "<group>"; };
		0A6FA43F2A8381570007CBAA /* EssentialFeediOS.xctestplan */ = {isa = PBXFileReference; lastKnownFileType = text; path = EssentialFeediOS.xctestplan; sourceTree = "<group>"; };
		0A6FA4402A839BA70007CBAA /* FeedViewController.swift */ = {isa = PBXFileReference; lastKnownFileType = sourcecode.swift; path = FeedViewController.swift; sourceTree = "<group>"; };
		0A6FA4422A83B2090007CBAA /* FeedImageCell.swift */ = {isa = PBXFileReference; lastKnownFileType = sourcecode.swift; path = FeedImageCell.swift; sourceTree = "<group>"; };
		0A6FA4442A83CD350007CBAA /* UIView+shimmering.swift */ = {isa = PBXFileReference; lastKnownFileType = sourcecode.swift; path = "UIView+shimmering.swift"; sourceTree = "<group>"; };
		0A6FA4472A83E54C0007CBAA /* FeedImageDataLoader.swift */ = {isa = PBXFileReference; lastKnownFileType = sourcecode.swift; path = FeedImageDataLoader.swift; sourceTree = "<group>"; };
		0A6FA44C2A862E110007CBAA /* RefreshController.swift */ = {isa = PBXFileReference; lastKnownFileType = sourcecode.swift; path = RefreshController.swift; sourceTree = "<group>"; };
		0A6FA44E2A862E560007CBAA /* FeedImageCellController.swift */ = {isa = PBXFileReference; lastKnownFileType = sourcecode.swift; path = FeedImageCellController.swift; sourceTree = "<group>"; };
		0A6FA4502A864DCC0007CBAA /* FeedUIComposer.swift */ = {isa = PBXFileReference; lastKnownFileType = sourcecode.swift; path = FeedUIComposer.swift; sourceTree = "<group>"; };
		0A7EDD662A7634960038D842 /* EssentialFeed.framework */ = {isa = PBXFileReference; explicitFileType = wrapper.framework; includeInIndex = 0; path = EssentialFeed.framework; sourceTree = BUILT_PRODUCTS_DIR; };
		0A7EDD692A7634960038D842 /* EssentialFeed.h */ = {isa = PBXFileReference; lastKnownFileType = sourcecode.c.h; path = EssentialFeed.h; sourceTree = "<group>"; };
		0A7EDD6A2A7634960038D842 /* EssentialFeed.docc */ = {isa = PBXFileReference; lastKnownFileType = folder.documentationcatalog; path = EssentialFeed.docc; sourceTree = "<group>"; };
		0A7EDD702A7634970038D842 /* EssentialFeedTests.xctest */ = {isa = PBXFileReference; explicitFileType = wrapper.cfbundle; includeInIndex = 0; path = EssentialFeedTests.xctest; sourceTree = BUILT_PRODUCTS_DIR; };
		0A7EDD752A7634970038D842 /* EssentialFeedTests.swift */ = {isa = PBXFileReference; lastKnownFileType = sourcecode.swift; path = EssentialFeedTests.swift; sourceTree = "<group>"; };
		0A7EDD802A7635B30038D842 /* FeedItem.swift */ = {isa = PBXFileReference; lastKnownFileType = sourcecode.swift; path = FeedItem.swift; sourceTree = "<group>"; };
		0A7EDD822A7636840038D842 /* FeedLoader.swift */ = {isa = PBXFileReference; lastKnownFileType = sourcecode.swift; path = FeedLoader.swift; sourceTree = "<group>"; };
		0A7EDD872A764A760038D842 /* RemoteFeedLoaderTests.swift */ = {isa = PBXFileReference; lastKnownFileType = sourcecode.swift; path = RemoteFeedLoaderTests.swift; sourceTree = "<group>"; };
		0A7EDD8A2A767F250038D842 /* RemoteFeedLoader.swift */ = {isa = PBXFileReference; lastKnownFileType = sourcecode.swift; path = RemoteFeedLoader.swift; sourceTree = "<group>"; };
		0A7EDD8C2A77B2E00038D842 /* EssentialFeed.xctestplan */ = {isa = PBXFileReference; lastKnownFileType = text; path = EssentialFeed.xctestplan; sourceTree = "<group>"; };
		0A7EDD8D2A77C90C0038D842 /* HTTPClient.swift */ = {isa = PBXFileReference; lastKnownFileType = sourcecode.swift; path = HTTPClient.swift; sourceTree = "<group>"; };
		0A7EDD8F2A77C95F0038D842 /* FeedItemsMapper.swift */ = {isa = PBXFileReference; lastKnownFileType = sourcecode.swift; path = FeedItemsMapper.swift; sourceTree = "<group>"; };
		0A7EDD912A79332D0038D842 /* URLSessionHTTPClientTests.swift */ = {isa = PBXFileReference; lastKnownFileType = sourcecode.swift; path = URLSessionHTTPClientTests.swift; sourceTree = "<group>"; };
		0A91A53A2A8379DC00912806 /* EssentialFeediOS.framework */ = {isa = PBXFileReference; explicitFileType = wrapper.framework; includeInIndex = 0; path = EssentialFeediOS.framework; sourceTree = BUILT_PRODUCTS_DIR; };
		0A91A53C2A8379DC00912806 /* EssentialFeediOS.h */ = {isa = PBXFileReference; lastKnownFileType = sourcecode.c.h; path = EssentialFeediOS.h; sourceTree = "<group>"; };
		0A91A53D2A8379DC00912806 /* EssentialFeediOS.docc */ = {isa = PBXFileReference; lastKnownFileType = folder.documentationcatalog; path = EssentialFeediOS.docc; sourceTree = "<group>"; };
		0A91A5432A8379DC00912806 /* EssentialFeediOSTests.xctest */ = {isa = PBXFileReference; explicitFileType = wrapper.cfbundle; includeInIndex = 0; path = EssentialFeediOSTests.xctest; sourceTree = BUILT_PRODUCTS_DIR; };
		0A91A5512A837AFE00912806 /* FeedViewControllerTests.swift */ = {isa = PBXFileReference; lastKnownFileType = sourcecode.swift; path = FeedViewControllerTests.swift; sourceTree = "<group>"; };
		0A99AE082A7D78A4001D5AA9 /* CodableFeedStore.swift */ = {isa = PBXFileReference; lastKnownFileType = sourcecode.swift; path = CodableFeedStore.swift; sourceTree = "<group>"; };
		0AD667B22A7C0D54004DA90E /* LoadFeedCacheUseCase.swift */ = {isa = PBXFileReference; lastKnownFileType = sourcecode.swift; path = LoadFeedCacheUseCase.swift; sourceTree = "<group>"; };
		0AD667B42A7C0DE3004DA90E /* FeedStoreSpy.swift */ = {isa = PBXFileReference; lastKnownFileType = sourcecode.swift; path = FeedStoreSpy.swift; sourceTree = "<group>"; };
		0AECCCD22A7EE80D0091BB1B /* FeedStoreSpecs.swift */ = {isa = PBXFileReference; lastKnownFileType = sourcecode.swift; path = FeedStoreSpecs.swift; sourceTree = "<group>"; };
		0AECCCD42A7EE8E70091BB1B /* XCTestCase+FeedStoreSpecs.swift */ = {isa = PBXFileReference; lastKnownFileType = sourcecode.swift; path = "XCTestCase+FeedStoreSpecs.swift"; sourceTree = "<group>"; };
		0AECCCD62A7EEF2E0091BB1B /* XCTestCase+FailableRetrieveFeedStoreSpecs.swift */ = {isa = PBXFileReference; lastKnownFileType = sourcecode.swift; path = "XCTestCase+FailableRetrieveFeedStoreSpecs.swift"; sourceTree = "<group>"; };
		0AECCCD82A7EEF500091BB1B /* XCTestCase+FailableInsertFeedStoreSpecs.swift */ = {isa = PBXFileReference; lastKnownFileType = sourcecode.swift; path = "XCTestCase+FailableInsertFeedStoreSpecs.swift"; sourceTree = "<group>"; };
		0AECCCDA2A7EEF6B0091BB1B /* XCTestCase+FailableDeleteFeedStoreSpecs.swift */ = {isa = PBXFileReference; lastKnownFileType = sourcecode.swift; path = "XCTestCase+FailableDeleteFeedStoreSpecs.swift"; sourceTree = "<group>"; };
		0AECCCDC2A7EF3A70091BB1B /* CoreDataFeedStoreTests.swift */ = {isa = PBXFileReference; lastKnownFileType = sourcecode.swift; path = CoreDataFeedStoreTests.swift; sourceTree = "<group>"; };
		0AECCCDF2A7F73850091BB1B /* FeedDataModel.xcdatamodel */ = {isa = PBXFileReference; lastKnownFileType = wrapper.xcdatamodel; path = FeedDataModel.xcdatamodel; sourceTree = "<group>"; };
		0AECCCF92A7F782B0091BB1B /* FeedDataModel.swift */ = {isa = PBXFileReference; lastKnownFileType = sourcecode.swift; path = FeedDataModel.swift; sourceTree = "<group>"; };
		0AECCCFB2A7F782B0091BB1B /* FeedImageDataModel.swift */ = {isa = PBXFileReference; lastKnownFileType = sourcecode.swift; path = FeedImageDataModel.swift; sourceTree = "<group>"; };
		0AECCD022A7F9DA00091BB1B /* CoreDataFeedStore.swift */ = {isa = PBXFileReference; lastKnownFileType = sourcecode.swift; path = CoreDataFeedStore.swift; sourceTree = "<group>"; };
		0AECCD092A7FA3740091BB1B /* CoreDataStack.swift */ = {isa = PBXFileReference; lastKnownFileType = sourcecode.swift; path = CoreDataStack.swift; sourceTree = "<group>"; };
		0AECCD0B2A7FA4F80091BB1B /* InMemoryCoreDataStack.swift */ = {isa = PBXFileReference; lastKnownFileType = sourcecode.swift; path = InMemoryCoreDataStack.swift; sourceTree = "<group>"; };
/* End PBXFileReference section */

/* Begin PBXFrameworksBuildPhase section */
		0A4D2DE72A797950008A9477 /* Frameworks */ = {
			isa = PBXFrameworksBuildPhase;
			buildActionMask = 2147483647;
			files = (
				0A4D2DEE2A797950008A9477 /* EssentialFeed.framework in Frameworks */,
			);
			runOnlyForDeploymentPostprocessing = 0;
		};
		0A7EDD632A7634960038D842 /* Frameworks */ = {
			isa = PBXFrameworksBuildPhase;
			buildActionMask = 2147483647;
			files = (
			);
			runOnlyForDeploymentPostprocessing = 0;
		};
		0A7EDD6D2A7634970038D842 /* Frameworks */ = {
			isa = PBXFrameworksBuildPhase;
			buildActionMask = 2147483647;
			files = (
				0A7EDD712A7634970038D842 /* EssentialFeed.framework in Frameworks */,
			);
			runOnlyForDeploymentPostprocessing = 0;
		};
		0A91A5372A8379DC00912806 /* Frameworks */ = {
			isa = PBXFrameworksBuildPhase;
			buildActionMask = 2147483647;
			files = (
				0A91A5542A837CA500912806 /* EssentialFeed.framework in Frameworks */,
			);
			runOnlyForDeploymentPostprocessing = 0;
		};
		0A91A5402A8379DC00912806 /* Frameworks */ = {
			isa = PBXFrameworksBuildPhase;
			buildActionMask = 2147483647;
			files = (
				0A91A5442A8379DC00912806 /* EssentialFeediOS.framework in Frameworks */,
			);
			runOnlyForDeploymentPostprocessing = 0;
		};
/* End PBXFrameworksBuildPhase section */

/* Begin PBXGroup section */
		0A0411712A7D395300442336 /* Helpers */ = {
			isa = PBXGroup;
			children = (
				0AD667B42A7C0DE3004DA90E /* FeedStoreSpy.swift */,
				0A0411722A7D398400442336 /* Feedcache+helpers.swift */,
				0AECCCD22A7EE80D0091BB1B /* FeedStoreSpecs.swift */,
				0AECCCD42A7EE8E70091BB1B /* XCTestCase+FeedStoreSpecs.swift */,
				0AECCCD62A7EEF2E0091BB1B /* XCTestCase+FailableRetrieveFeedStoreSpecs.swift */,
				0AECCCD82A7EEF500091BB1B /* XCTestCase+FailableInsertFeedStoreSpecs.swift */,
				0AECCCDA2A7EEF6B0091BB1B /* XCTestCase+FailableDeleteFeedStoreSpecs.swift */,
				0AECCD0B2A7FA4F80091BB1B /* InMemoryCoreDataStack.swift */,
			);
			path = Helpers;
			sourceTree = "<group>";
		};
		0A0411782A7D43C500442336 /* FeedCache */ = {
			isa = PBXGroup;
			children = (
				0A0411712A7D395300442336 /* Helpers */,
				0A4D2E032A7AC5CA008A9477 /* SaveFeedCacheUseCase.swift */,
				0AD667B22A7C0D54004DA90E /* LoadFeedCacheUseCase.swift */,
				0A04116D2A7D24B700442336 /* ValidateCacheUseCase.swift */,
				0A04117C2A7D56BD00442336 /* CodableFeedStoreTests.swift */,
				0AECCCDC2A7EF3A70091BB1B /* CoreDataFeedStoreTests.swift */,
			);
			path = FeedCache;
			sourceTree = "<group>";
		};
		0A0411792A7D440200442336 /* FeedAPI */ = {
			isa = PBXGroup;
			children = (
				0A7EDD912A79332D0038D842 /* URLSessionHTTPClientTests.swift */,
				0A7EDD872A764A760038D842 /* RemoteFeedLoaderTests.swift */,
			);
			path = FeedAPI;
			sourceTree = "<group>";
		};
		0A4D2DEB2A797950008A9477 /* EssentialFeedEndToEndTests */ = {
			isa = PBXGroup;
			children = (
				0A4D2DEC2A797950008A9477 /* EssentialFeedEndToEndTests.swift */,
			);
			path = EssentialFeedEndToEndTests;
			sourceTree = "<group>";
		};
		0A4D2DF42A7979AD008A9477 /* Helper */ = {
			isa = PBXGroup;
			children = (
				0A4D2DF72A797A90008A9477 /* XCTestCase+MemoryTracking.swift */,
				0A0411742A7D39B200442336 /* SharedTestHelpers.swift */,
			);
			path = Helper;
			sourceTree = "<group>";
		};
		0A4D2E022A7AC5AB008A9477 /* EssentialFeed */ = {
			isa = PBXGroup;
			children = (
				0A0411792A7D440200442336 /* FeedAPI */,
				0A0411782A7D43C500442336 /* FeedCache */,
			);
			path = EssentialFeed;
			sourceTree = "<group>";
		};
		0A4D2E052A7B75A3008A9477 /* FeedCache */ = {
			isa = PBXGroup;
			children = (
				0A4D2E082A7B76A6008A9477 /* FeedStore.swift */,
				0A04116F2A7D37FE00442336 /* CachePolicy.swift */,
				0A0411762A7D438000442336 /* LocalFeedImage.swift */,
				0A4D2E062A7B75C3008A9477 /* LocalFeedLoader.swift */,
				0A99AE082A7D78A4001D5AA9 /* CodableFeedStore.swift */,
				0AECCD012A7F9D790091BB1B /* CoreData */,
			);
			path = FeedCache;
			sourceTree = "<group>";
		};
		0A6FA4462A83E5270007CBAA /* Feed Image Loader */ = {
			isa = PBXGroup;
			children = (
				0A6FA4472A83E54C0007CBAA /* FeedImageDataLoader.swift */,
			);
			path = "Feed Image Loader";
			sourceTree = "<group>";
		};
		0A6FA4492A83E5620007CBAA /* Feed UI */ = {
			isa = PBXGroup;
			children = (
				0A6FA44B2A83E5920007CBAA /* Controllers */,
				0A6FA44A2A83E5700007CBAA /* Views */,
			);
			path = "Feed UI";
			sourceTree = "<group>";
		};
		0A6FA44A2A83E5700007CBAA /* Views */ = {
			isa = PBXGroup;
			children = (
				0A6FA4422A83B2090007CBAA /* FeedImageCell.swift */,
				0A6FA4442A83CD350007CBAA /* UIView+shimmering.swift */,
			);
			path = Views;
			sourceTree = "<group>";
		};
		0A6FA44B2A83E5920007CBAA /* Controllers */ = {
			isa = PBXGroup;
			children = (
				0A6FA4402A839BA70007CBAA /* FeedViewController.swift */,
				0A6FA44C2A862E110007CBAA /* RefreshController.swift */,
				0A6FA44E2A862E560007CBAA /* FeedImageCellController.swift */,
				0A6FA4502A864DCC0007CBAA /* FeedUIComposer.swift */,
			);
			path = Controllers;
			sourceTree = "<group>";
		};
		0A7EDD5C2A7634960038D842 = {
			isa = PBXGroup;
			children = (
				0A6FA43F2A8381570007CBAA /* EssentialFeediOS.xctestplan */,
				0A7EDD8C2A77B2E00038D842 /* EssentialFeed.xctestplan */,
				0A7EDD682A7634960038D842 /* EssentialFeed */,
				0A7EDD742A7634970038D842 /* EssentialFeedTests */,
				0A4D2DEB2A797950008A9477 /* EssentialFeedEndToEndTests */,
				0A91A53B2A8379DC00912806 /* EssentialFeediOS */,
				0A91A5472A8379DC00912806 /* EssentialFeediOSTests */,
				0A7EDD672A7634960038D842 /* Products */,
				0A91A5532A837CA500912806 /* Frameworks */,
			);
			sourceTree = "<group>";
		};
		0A7EDD672A7634960038D842 /* Products */ = {
			isa = PBXGroup;
			children = (
				0A7EDD662A7634960038D842 /* EssentialFeed.framework */,
				0A7EDD702A7634970038D842 /* EssentialFeedTests.xctest */,
				0A4D2DEA2A797950008A9477 /* EssentialFeedEndToEndTests.xctest */,
				0A91A53A2A8379DC00912806 /* EssentialFeediOS.framework */,
				0A91A5432A8379DC00912806 /* EssentialFeediOSTests.xctest */,
			);
			name = Products;
			sourceTree = "<group>";
		};
		0A7EDD682A7634960038D842 /* EssentialFeed */ = {
			isa = PBXGroup;
			children = (
				0A7EDD692A7634960038D842 /* EssentialFeed.h */,
				0A7EDD6A2A7634960038D842 /* EssentialFeed.docc */,
				0A7EDD842A76377A0038D842 /* FeedFeature */,
				0A7EDD892A767F110038D842 /* FeedAPI */,
				0A4D2E052A7B75A3008A9477 /* FeedCache */,
			);
			path = EssentialFeed;
			sourceTree = "<group>";
		};
		0A7EDD742A7634970038D842 /* EssentialFeedTests */ = {
			isa = PBXGroup;
			children = (
				0A4D2DF42A7979AD008A9477 /* Helper */,
				0A4D2E022A7AC5AB008A9477 /* EssentialFeed */,
				0A7EDD752A7634970038D842 /* EssentialFeedTests.swift */,
			);
			path = EssentialFeedTests;
			sourceTree = "<group>";
		};
		0A7EDD842A76377A0038D842 /* FeedFeature */ = {
			isa = PBXGroup;
			children = (
				0A7EDD802A7635B30038D842 /* FeedItem.swift */,
				0A7EDD822A7636840038D842 /* FeedLoader.swift */,
			);
			path = FeedFeature;
			sourceTree = "<group>";
		};
		0A7EDD892A767F110038D842 /* FeedAPI */ = {
			isa = PBXGroup;
			children = (
				0A7EDD8D2A77C90C0038D842 /* HTTPClient.swift */,
				0A4D2DFA2A797BB4008A9477 /* URLSessionHTTPClient.swift */,
				0A7EDD8F2A77C95F0038D842 /* FeedItemsMapper.swift */,
				0A7EDD8A2A767F250038D842 /* RemoteFeedLoader.swift */,
			);
			path = FeedAPI;
			sourceTree = "<group>";
		};
		0A91A53B2A8379DC00912806 /* EssentialFeediOS */ = {
			isa = PBXGroup;
			children = (
				0A6FA4462A83E5270007CBAA /* Feed Image Loader */,
				0A6FA4492A83E5620007CBAA /* Feed UI */,
				0A91A53C2A8379DC00912806 /* EssentialFeediOS.h */,
				0A91A53D2A8379DC00912806 /* EssentialFeediOS.docc */,
			);
			path = EssentialFeediOS;
			sourceTree = "<group>";
		};
		0A91A5472A8379DC00912806 /* EssentialFeediOSTests */ = {
			isa = PBXGroup;
			children = (
				0A91A5512A837AFE00912806 /* FeedViewControllerTests.swift */,
			);
			path = EssentialFeediOSTests;
			sourceTree = "<group>";
		};
		0A91A5532A837CA500912806 /* Frameworks */ = {
			isa = PBXGroup;
			children = (
			);
			name = Frameworks;
			sourceTree = "<group>";
		};
		0AECCD012A7F9D790091BB1B /* CoreData */ = {
			isa = PBXGroup;
			children = (
				0AECCCDE2A7F73850091BB1B /* CoreDataFeed.xcdatamodeld */,
				0AECCCF92A7F782B0091BB1B /* FeedDataModel.swift */,
				0AECCCFB2A7F782B0091BB1B /* FeedImageDataModel.swift */,
				0AECCD022A7F9DA00091BB1B /* CoreDataFeedStore.swift */,
				0AECCD092A7FA3740091BB1B /* CoreDataStack.swift */,
			);
			path = CoreData;
			sourceTree = "<group>";
		};
/* End PBXGroup section */

/* Begin PBXHeadersBuildPhase section */
		0A7EDD612A7634960038D842 /* Headers */ = {
			isa = PBXHeadersBuildPhase;
			buildActionMask = 2147483647;
			files = (
				0A7EDD772A7634970038D842 /* EssentialFeed.h in Headers */,
			);
			runOnlyForDeploymentPostprocessing = 0;
		};
		0A91A5352A8379DC00912806 /* Headers */ = {
			isa = PBXHeadersBuildPhase;
			buildActionMask = 2147483647;
			files = (
				0A91A54A2A8379DC00912806 /* EssentialFeediOS.h in Headers */,
			);
			runOnlyForDeploymentPostprocessing = 0;
		};
/* End PBXHeadersBuildPhase section */

/* Begin PBXNativeTarget section */
		0A4D2DE92A797950008A9477 /* EssentialFeedEndToEndTests */ = {
			isa = PBXNativeTarget;
			buildConfigurationList = 0A4D2DF32A797950008A9477 /* Build configuration list for PBXNativeTarget "EssentialFeedEndToEndTests" */;
			buildPhases = (
				0A4D2DE62A797950008A9477 /* Sources */,
				0A4D2DE72A797950008A9477 /* Frameworks */,
				0A4D2DE82A797950008A9477 /* Resources */,
			);
			buildRules = (
			);
			dependencies = (
				0A4D2DF02A797950008A9477 /* PBXTargetDependency */,
			);
			name = EssentialFeedEndToEndTests;
			productName = EssentialFeedEndToEndTests;
			productReference = 0A4D2DEA2A797950008A9477 /* EssentialFeedEndToEndTests.xctest */;
			productType = "com.apple.product-type.bundle.unit-test";
		};
		0A7EDD652A7634960038D842 /* EssentialFeed */ = {
			isa = PBXNativeTarget;
			buildConfigurationList = 0A7EDD7A2A7634970038D842 /* Build configuration list for PBXNativeTarget "EssentialFeed" */;
			buildPhases = (
				0A7EDD612A7634960038D842 /* Headers */,
				0A7EDD622A7634960038D842 /* Sources */,
				0A7EDD632A7634960038D842 /* Frameworks */,
				0A7EDD642A7634960038D842 /* Resources */,
			);
			buildRules = (
			);
			dependencies = (
			);
			name = EssentialFeed;
			productName = EssentialFeed;
			productReference = 0A7EDD662A7634960038D842 /* EssentialFeed.framework */;
			productType = "com.apple.product-type.framework";
		};
		0A7EDD6F2A7634970038D842 /* EssentialFeedTests */ = {
			isa = PBXNativeTarget;
			buildConfigurationList = 0A7EDD7D2A7634970038D842 /* Build configuration list for PBXNativeTarget "EssentialFeedTests" */;
			buildPhases = (
				0A7EDD6C2A7634970038D842 /* Sources */,
				0A7EDD6D2A7634970038D842 /* Frameworks */,
				0A7EDD6E2A7634970038D842 /* Resources */,
			);
			buildRules = (
			);
			dependencies = (
				0A7EDD732A7634970038D842 /* PBXTargetDependency */,
			);
			name = EssentialFeedTests;
			productName = EssentialFeedTests;
			productReference = 0A7EDD702A7634970038D842 /* EssentialFeedTests.xctest */;
			productType = "com.apple.product-type.bundle.unit-test";
		};
		0A91A5392A8379DC00912806 /* EssentialFeediOS */ = {
			isa = PBXNativeTarget;
			buildConfigurationList = 0A91A54F2A8379DC00912806 /* Build configuration list for PBXNativeTarget "EssentialFeediOS" */;
			buildPhases = (
				0A91A5352A8379DC00912806 /* Headers */,
				0A91A5362A8379DC00912806 /* Sources */,
				0A91A5372A8379DC00912806 /* Frameworks */,
				0A91A5382A8379DC00912806 /* Resources */,
				0A91A5582A837CA500912806 /* Embed Frameworks */,
			);
			buildRules = (
			);
			dependencies = (
				0A91A5572A837CA500912806 /* PBXTargetDependency */,
			);
			name = EssentialFeediOS;
			productName = EssentialFeediOS;
			productReference = 0A91A53A2A8379DC00912806 /* EssentialFeediOS.framework */;
			productType = "com.apple.product-type.framework";
		};
		0A91A5422A8379DC00912806 /* EssentialFeediOSTests */ = {
			isa = PBXNativeTarget;
			buildConfigurationList = 0A91A5502A8379DC00912806 /* Build configuration list for PBXNativeTarget "EssentialFeediOSTests" */;
			buildPhases = (
				0A91A53F2A8379DC00912806 /* Sources */,
				0A91A5402A8379DC00912806 /* Frameworks */,
				0A91A5412A8379DC00912806 /* Resources */,
			);
			buildRules = (
			);
			dependencies = (
				0A91A5462A8379DC00912806 /* PBXTargetDependency */,
			);
			name = EssentialFeediOSTests;
			productName = EssentialFeediOSTests;
			productReference = 0A91A5432A8379DC00912806 /* EssentialFeediOSTests.xctest */;
			productType = "com.apple.product-type.bundle.unit-test";
		};
/* End PBXNativeTarget section */

/* Begin PBXProject section */
		0A7EDD5D2A7634960038D842 /* Project object */ = {
			isa = PBXProject;
			attributes = {
				BuildIndependentTargetsInParallel = 1;
				LastSwiftUpdateCheck = 1430;
				LastUpgradeCheck = 1430;
				TargetAttributes = {
					0A4D2DE92A797950008A9477 = {
						CreatedOnToolsVersion = 14.3.1;
					};
					0A7EDD652A7634960038D842 = {
						CreatedOnToolsVersion = 14.3.1;
					};
					0A7EDD6F2A7634970038D842 = {
						CreatedOnToolsVersion = 14.3.1;
					};
					0A91A5392A8379DC00912806 = {
						CreatedOnToolsVersion = 14.3.1;
					};
					0A91A5422A8379DC00912806 = {
						CreatedOnToolsVersion = 14.3.1;
						LastSwiftMigration = 1430;
					};
				};
			};
			buildConfigurationList = 0A7EDD602A7634960038D842 /* Build configuration list for PBXProject "EssentialFeed" */;
			compatibilityVersion = "Xcode 14.0";
			developmentRegion = en;
			hasScannedForEncodings = 0;
			knownRegions = (
				en,
				Base,
			);
			mainGroup = 0A7EDD5C2A7634960038D842;
			productRefGroup = 0A7EDD672A7634960038D842 /* Products */;
			projectDirPath = "";
			projectRoot = "";
			targets = (
				0A7EDD652A7634960038D842 /* EssentialFeed */,
				0A7EDD6F2A7634970038D842 /* EssentialFeedTests */,
				0A4D2DE92A797950008A9477 /* EssentialFeedEndToEndTests */,
				0A91A5392A8379DC00912806 /* EssentialFeediOS */,
				0A91A5422A8379DC00912806 /* EssentialFeediOSTests */,
			);
		};
/* End PBXProject section */

/* Begin PBXResourcesBuildPhase section */
		0A4D2DE82A797950008A9477 /* Resources */ = {
			isa = PBXResourcesBuildPhase;
			buildActionMask = 2147483647;
			files = (
			);
			runOnlyForDeploymentPostprocessing = 0;
		};
		0A7EDD642A7634960038D842 /* Resources */ = {
			isa = PBXResourcesBuildPhase;
			buildActionMask = 2147483647;
			files = (
			);
			runOnlyForDeploymentPostprocessing = 0;
		};
		0A7EDD6E2A7634970038D842 /* Resources */ = {
			isa = PBXResourcesBuildPhase;
			buildActionMask = 2147483647;
			files = (
			);
			runOnlyForDeploymentPostprocessing = 0;
		};
		0A91A5382A8379DC00912806 /* Resources */ = {
			isa = PBXResourcesBuildPhase;
			buildActionMask = 2147483647;
			files = (
			);
			runOnlyForDeploymentPostprocessing = 0;
		};
		0A91A5412A8379DC00912806 /* Resources */ = {
			isa = PBXResourcesBuildPhase;
			buildActionMask = 2147483647;
			files = (
			);
			runOnlyForDeploymentPostprocessing = 0;
		};
/* End PBXResourcesBuildPhase section */

/* Begin PBXSourcesBuildPhase section */
		0A4D2DE62A797950008A9477 /* Sources */ = {
			isa = PBXSourcesBuildPhase;
			buildActionMask = 2147483647;
			files = (
				0A4D2DF92A797B3C008A9477 /* XCTestCase+MemoryTracking.swift in Sources */,
				0A4D2DED2A797950008A9477 /* EssentialFeedEndToEndTests.swift in Sources */,
			);
			runOnlyForDeploymentPostprocessing = 0;
		};
		0A7EDD622A7634960038D842 /* Sources */ = {
			isa = PBXSourcesBuildPhase;
			buildActionMask = 2147483647;
			files = (
				0AECCD042A7F9DAE0091BB1B /* CoreDataFeed.xcdatamodeld in Sources */,
				0AECCD072A7F9DBA0091BB1B /* FeedImageDataModel.swift in Sources */,
				0A4D2E092A7B76A6008A9477 /* FeedStore.swift in Sources */,
				0AECCD052A7F9DB20091BB1B /* FeedDataModel.swift in Sources */,
				0A4D2DFB2A797BB4008A9477 /* URLSessionHTTPClient.swift in Sources */,
				0A7EDD8B2A767F250038D842 /* RemoteFeedLoader.swift in Sources */,
				0A7EDD8E2A77C90C0038D842 /* HTTPClient.swift in Sources */,
				0A7EDD832A7636840038D842 /* FeedLoader.swift in Sources */,
				0AECCD0A2A7FA3740091BB1B /* CoreDataStack.swift in Sources */,
				0A7EDD902A77C95F0038D842 /* FeedItemsMapper.swift in Sources */,
				0A7EDD812A7635B30038D842 /* FeedItem.swift in Sources */,
				0A0411772A7D438000442336 /* LocalFeedImage.swift in Sources */,
				0A99AE092A7D78A4001D5AA9 /* CodableFeedStore.swift in Sources */,
				0A4D2E072A7B75C3008A9477 /* LocalFeedLoader.swift in Sources */,
				0A0411702A7D37FE00442336 /* CachePolicy.swift in Sources */,
				0A7EDD6B2A7634960038D842 /* EssentialFeed.docc in Sources */,
				0AECCD032A7F9DA10091BB1B /* CoreDataFeedStore.swift in Sources */,
			);
			runOnlyForDeploymentPostprocessing = 0;
		};
		0A7EDD6C2A7634970038D842 /* Sources */ = {
			isa = PBXSourcesBuildPhase;
			buildActionMask = 2147483647;
			files = (
				0AECCCD52A7EE8E70091BB1B /* XCTestCase+FeedStoreSpecs.swift in Sources */,
				0A4D2DF82A797A90008A9477 /* XCTestCase+MemoryTracking.swift in Sources */,
				0A0411732A7D398400442336 /* Feedcache+helpers.swift in Sources */,
				0AECCCDD2A7EF3A70091BB1B /* CoreDataFeedStoreTests.swift in Sources */,
				0AECCCD72A7EEF2E0091BB1B /* XCTestCase+FailableRetrieveFeedStoreSpecs.swift in Sources */,
				0AECCD0C2A7FA4F80091BB1B /* InMemoryCoreDataStack.swift in Sources */,
				0A7EDD882A764A760038D842 /* RemoteFeedLoaderTests.swift in Sources */,
				0A0411752A7D39B200442336 /* SharedTestHelpers.swift in Sources */,
				0A7EDD762A7634970038D842 /* EssentialFeedTests.swift in Sources */,
				0A4D2E042A7AC5CA008A9477 /* SaveFeedCacheUseCase.swift in Sources */,
				0A04116E2A7D24B700442336 /* ValidateCacheUseCase.swift in Sources */,
				0AD667B52A7C0DE3004DA90E /* FeedStoreSpy.swift in Sources */,
				0A04117D2A7D56BD00442336 /* CodableFeedStoreTests.swift in Sources */,
				0AD667B32A7C0D54004DA90E /* LoadFeedCacheUseCase.swift in Sources */,
				0AECCCDB2A7EEF6B0091BB1B /* XCTestCase+FailableDeleteFeedStoreSpecs.swift in Sources */,
				0AECCCD32A7EE80D0091BB1B /* FeedStoreSpecs.swift in Sources */,
				0A7EDD922A79332D0038D842 /* URLSessionHTTPClientTests.swift in Sources */,
				0AECCCD92A7EEF500091BB1B /* XCTestCase+FailableInsertFeedStoreSpecs.swift in Sources */,
			);
			runOnlyForDeploymentPostprocessing = 0;
		};
		0A91A5362A8379DC00912806 /* Sources */ = {
			isa = PBXSourcesBuildPhase;
			buildActionMask = 2147483647;
			files = (
				0A6FA4482A83E54C0007CBAA /* FeedImageDataLoader.swift in Sources */,
				0A6FA4512A864DCC0007CBAA /* FeedUIComposer.swift in Sources */,
				0A6FA4412A839BA70007CBAA /* FeedViewController.swift in Sources */,
				0A6FA4452A83CD350007CBAA /* UIView+shimmering.swift in Sources */,
				0A6FA44F2A862E560007CBAA /* FeedImageCellController.swift in Sources */,
				0A6FA44D2A862E110007CBAA /* RefreshController.swift in Sources */,
				0A6FA4432A83B2090007CBAA /* FeedImageCell.swift in Sources */,
				0A91A53E2A8379DC00912806 /* EssentialFeediOS.docc in Sources */,
			);
			runOnlyForDeploymentPostprocessing = 0;
		};
		0A91A53F2A8379DC00912806 /* Sources */ = {
			isa = PBXSourcesBuildPhase;
			buildActionMask = 2147483647;
			files = (
				0A91A55A2A837EC400912806 /* XCTestCase+MemoryTracking.swift in Sources */,
				0A91A5522A837AFE00912806 /* FeedViewControllerTests.swift in Sources */,
			);
			runOnlyForDeploymentPostprocessing = 0;
		};
/* End PBXSourcesBuildPhase section */

/* Begin PBXTargetDependency section */
		0A4D2DF02A797950008A9477 /* PBXTargetDependency */ = {
			isa = PBXTargetDependency;
			target = 0A7EDD652A7634960038D842 /* EssentialFeed */;
			targetProxy = 0A4D2DEF2A797950008A9477 /* PBXContainerItemProxy */;
		};
		0A7EDD732A7634970038D842 /* PBXTargetDependency */ = {
			isa = PBXTargetDependency;
			target = 0A7EDD652A7634960038D842 /* EssentialFeed */;
			targetProxy = 0A7EDD722A7634970038D842 /* PBXContainerItemProxy */;
		};
		0A91A5462A8379DC00912806 /* PBXTargetDependency */ = {
			isa = PBXTargetDependency;
			target = 0A91A5392A8379DC00912806 /* EssentialFeediOS */;
			targetProxy = 0A91A5452A8379DC00912806 /* PBXContainerItemProxy */;
		};
		0A91A5572A837CA500912806 /* PBXTargetDependency */ = {
			isa = PBXTargetDependency;
			target = 0A7EDD652A7634960038D842 /* EssentialFeed */;
			targetProxy = 0A91A5562A837CA500912806 /* PBXContainerItemProxy */;
		};
/* End PBXTargetDependency section */

/* Begin XCBuildConfiguration section */
		0A4D2DF12A797950008A9477 /* Debug */ = {
			isa = XCBuildConfiguration;
			buildSettings = {
				CODE_SIGN_STYLE = Automatic;
				CURRENT_PROJECT_VERSION = 1;
				DEVELOPMENT_TEAM = 3V478SWB7K;
				GENERATE_INFOPLIST_FILE = YES;
				MARKETING_VERSION = 1.0;
				PRODUCT_BUNDLE_IDENTIFIER = Charan.EssentialFeedEndToEndTests;
				PRODUCT_NAME = "$(TARGET_NAME)";
				SWIFT_EMIT_LOC_STRINGS = NO;
				SWIFT_VERSION = 5.0;
			};
			name = Debug;
		};
		0A4D2DF22A797950008A9477 /* Release */ = {
			isa = XCBuildConfiguration;
			buildSettings = {
				CODE_SIGN_STYLE = Automatic;
				CURRENT_PROJECT_VERSION = 1;
				DEVELOPMENT_TEAM = 3V478SWB7K;
				GENERATE_INFOPLIST_FILE = YES;
				MARKETING_VERSION = 1.0;
				PRODUCT_BUNDLE_IDENTIFIER = Charan.EssentialFeedEndToEndTests;
				PRODUCT_NAME = "$(TARGET_NAME)";
				SWIFT_EMIT_LOC_STRINGS = NO;
				SWIFT_VERSION = 5.0;
			};
			name = Release;
		};
		0A7EDD782A7634970038D842 /* Debug */ = {
			isa = XCBuildConfiguration;
			buildSettings = {
				ALWAYS_SEARCH_USER_PATHS = NO;
				CLANG_ANALYZER_NONNULL = YES;
				CLANG_ANALYZER_NUMBER_OBJECT_CONVERSION = YES_AGGRESSIVE;
				CLANG_CXX_LANGUAGE_STANDARD = "gnu++20";
				CLANG_ENABLE_MODULES = YES;
				CLANG_ENABLE_OBJC_ARC = YES;
				CLANG_ENABLE_OBJC_WEAK = YES;
				CLANG_WARN_BLOCK_CAPTURE_AUTORELEASING = YES;
				CLANG_WARN_BOOL_CONVERSION = YES;
				CLANG_WARN_COMMA = YES;
				CLANG_WARN_CONSTANT_CONVERSION = YES;
				CLANG_WARN_DEPRECATED_OBJC_IMPLEMENTATIONS = YES;
				CLANG_WARN_DIRECT_OBJC_ISA_USAGE = YES_ERROR;
				CLANG_WARN_DOCUMENTATION_COMMENTS = YES;
				CLANG_WARN_EMPTY_BODY = YES;
				CLANG_WARN_ENUM_CONVERSION = YES;
				CLANG_WARN_INFINITE_RECURSION = YES;
				CLANG_WARN_INT_CONVERSION = YES;
				CLANG_WARN_NON_LITERAL_NULL_CONVERSION = YES;
				CLANG_WARN_OBJC_IMPLICIT_RETAIN_SELF = YES;
				CLANG_WARN_OBJC_LITERAL_CONVERSION = YES;
				CLANG_WARN_OBJC_ROOT_CLASS = YES_ERROR;
				CLANG_WARN_QUOTED_INCLUDE_IN_FRAMEWORK_HEADER = YES;
				CLANG_WARN_RANGE_LOOP_ANALYSIS = YES;
				CLANG_WARN_STRICT_PROTOTYPES = YES;
				CLANG_WARN_SUSPICIOUS_MOVE = YES;
				CLANG_WARN_UNGUARDED_AVAILABILITY = YES_AGGRESSIVE;
				CLANG_WARN_UNREACHABLE_CODE = YES;
				CLANG_WARN__DUPLICATE_METHOD_MATCH = YES;
				COPY_PHASE_STRIP = NO;
				CURRENT_PROJECT_VERSION = 1;
				DEBUG_INFORMATION_FORMAT = dwarf;
				ENABLE_STRICT_OBJC_MSGSEND = YES;
				ENABLE_TESTABILITY = YES;
				GCC_C_LANGUAGE_STANDARD = gnu11;
				GCC_DYNAMIC_NO_PIC = NO;
				GCC_NO_COMMON_BLOCKS = YES;
				GCC_OPTIMIZATION_LEVEL = 0;
				GCC_PREPROCESSOR_DEFINITIONS = (
					"DEBUG=1",
					"$(inherited)",
				);
				GCC_WARN_64_TO_32_BIT_CONVERSION = YES;
				GCC_WARN_ABOUT_RETURN_TYPE = YES_ERROR;
				GCC_WARN_UNDECLARED_SELECTOR = YES;
				GCC_WARN_UNINITIALIZED_AUTOS = YES_AGGRESSIVE;
				GCC_WARN_UNUSED_FUNCTION = YES;
				GCC_WARN_UNUSED_VARIABLE = YES;
				MACOSX_DEPLOYMENT_TARGET = 13.3;
				MTL_ENABLE_DEBUG_INFO = INCLUDE_SOURCE;
				MTL_FAST_MATH = YES;
				ONLY_ACTIVE_ARCH = YES;
				SDKROOT = macosx;
				SWIFT_ACTIVE_COMPILATION_CONDITIONS = DEBUG;
				SWIFT_OPTIMIZATION_LEVEL = "-Onone";
				VERSIONING_SYSTEM = "apple-generic";
				VERSION_INFO_PREFIX = "";
			};
			name = Debug;
		};
		0A7EDD792A7634970038D842 /* Release */ = {
			isa = XCBuildConfiguration;
			buildSettings = {
				ALWAYS_SEARCH_USER_PATHS = NO;
				CLANG_ANALYZER_NONNULL = YES;
				CLANG_ANALYZER_NUMBER_OBJECT_CONVERSION = YES_AGGRESSIVE;
				CLANG_CXX_LANGUAGE_STANDARD = "gnu++20";
				CLANG_ENABLE_MODULES = YES;
				CLANG_ENABLE_OBJC_ARC = YES;
				CLANG_ENABLE_OBJC_WEAK = YES;
				CLANG_WARN_BLOCK_CAPTURE_AUTORELEASING = YES;
				CLANG_WARN_BOOL_CONVERSION = YES;
				CLANG_WARN_COMMA = YES;
				CLANG_WARN_CONSTANT_CONVERSION = YES;
				CLANG_WARN_DEPRECATED_OBJC_IMPLEMENTATIONS = YES;
				CLANG_WARN_DIRECT_OBJC_ISA_USAGE = YES_ERROR;
				CLANG_WARN_DOCUMENTATION_COMMENTS = YES;
				CLANG_WARN_EMPTY_BODY = YES;
				CLANG_WARN_ENUM_CONVERSION = YES;
				CLANG_WARN_INFINITE_RECURSION = YES;
				CLANG_WARN_INT_CONVERSION = YES;
				CLANG_WARN_NON_LITERAL_NULL_CONVERSION = YES;
				CLANG_WARN_OBJC_IMPLICIT_RETAIN_SELF = YES;
				CLANG_WARN_OBJC_LITERAL_CONVERSION = YES;
				CLANG_WARN_OBJC_ROOT_CLASS = YES_ERROR;
				CLANG_WARN_QUOTED_INCLUDE_IN_FRAMEWORK_HEADER = YES;
				CLANG_WARN_RANGE_LOOP_ANALYSIS = YES;
				CLANG_WARN_STRICT_PROTOTYPES = YES;
				CLANG_WARN_SUSPICIOUS_MOVE = YES;
				CLANG_WARN_UNGUARDED_AVAILABILITY = YES_AGGRESSIVE;
				CLANG_WARN_UNREACHABLE_CODE = YES;
				CLANG_WARN__DUPLICATE_METHOD_MATCH = YES;
				COPY_PHASE_STRIP = NO;
				CURRENT_PROJECT_VERSION = 1;
				DEBUG_INFORMATION_FORMAT = "dwarf-with-dsym";
				ENABLE_NS_ASSERTIONS = NO;
				ENABLE_STRICT_OBJC_MSGSEND = YES;
				GCC_C_LANGUAGE_STANDARD = gnu11;
				GCC_NO_COMMON_BLOCKS = YES;
				GCC_WARN_64_TO_32_BIT_CONVERSION = YES;
				GCC_WARN_ABOUT_RETURN_TYPE = YES_ERROR;
				GCC_WARN_UNDECLARED_SELECTOR = YES;
				GCC_WARN_UNINITIALIZED_AUTOS = YES_AGGRESSIVE;
				GCC_WARN_UNUSED_FUNCTION = YES;
				GCC_WARN_UNUSED_VARIABLE = YES;
				MACOSX_DEPLOYMENT_TARGET = 13.3;
				MTL_ENABLE_DEBUG_INFO = NO;
				MTL_FAST_MATH = YES;
				SDKROOT = macosx;
				SWIFT_COMPILATION_MODE = wholemodule;
				SWIFT_OPTIMIZATION_LEVEL = "-O";
				VERSIONING_SYSTEM = "apple-generic";
				VERSION_INFO_PREFIX = "";
			};
			name = Release;
		};
		0A7EDD7B2A7634970038D842 /* Debug */ = {
			isa = XCBuildConfiguration;
			buildSettings = {
				CODE_SIGN_STYLE = Automatic;
				COMBINE_HIDPI_IMAGES = YES;
				CURRENT_PROJECT_VERSION = 1;
				DEFINES_MODULE = YES;
				DEVELOPMENT_TEAM = 3V478SWB7K;
				DYLIB_COMPATIBILITY_VERSION = 1;
				DYLIB_CURRENT_VERSION = 1;
				DYLIB_INSTALL_NAME_BASE = "@rpath";
				ENABLE_MODULE_VERIFIER = YES;
				GENERATE_INFOPLIST_FILE = YES;
				INFOPLIST_KEY_NSHumanReadableCopyright = "";
				INSTALL_PATH = "$(LOCAL_LIBRARY_DIR)/Frameworks";
				IPHONEOS_DEPLOYMENT_TARGET = 13.0;
				LD_RUNPATH_SEARCH_PATHS = (
					"$(inherited)",
					"@executable_path/../Frameworks",
					"@loader_path/Frameworks",
				);
				MARKETING_VERSION = 1.0;
				MODULE_VERIFIER_SUPPORTED_LANGUAGES = "objective-c objective-c++";
				MODULE_VERIFIER_SUPPORTED_LANGUAGE_STANDARDS = "gnu11 gnu++20";
				PRODUCT_BUNDLE_IDENTIFIER = Charan.EssentialFeed;
				PRODUCT_NAME = "$(TARGET_NAME:c99extidentifier)";
				SKIP_INSTALL = YES;
				SUPPORTED_PLATFORMS = "iphoneos iphonesimulator macosx";
				SUPPORTS_MACCATALYST = NO;
				SUPPORTS_MAC_DESIGNED_FOR_IPHONE_IPAD = NO;
				SWIFT_EMIT_LOC_STRINGS = YES;
				SWIFT_VERSION = 5.0;
				TARGETED_DEVICE_FAMILY = "1,2";
			};
			name = Debug;
		};
		0A7EDD7C2A7634970038D842 /* Release */ = {
			isa = XCBuildConfiguration;
			buildSettings = {
				CODE_SIGN_STYLE = Automatic;
				COMBINE_HIDPI_IMAGES = YES;
				CURRENT_PROJECT_VERSION = 1;
				DEFINES_MODULE = YES;
				DEVELOPMENT_TEAM = 3V478SWB7K;
				DYLIB_COMPATIBILITY_VERSION = 1;
				DYLIB_CURRENT_VERSION = 1;
				DYLIB_INSTALL_NAME_BASE = "@rpath";
				ENABLE_MODULE_VERIFIER = YES;
				GENERATE_INFOPLIST_FILE = YES;
				INFOPLIST_KEY_NSHumanReadableCopyright = "";
				INSTALL_PATH = "$(LOCAL_LIBRARY_DIR)/Frameworks";
				IPHONEOS_DEPLOYMENT_TARGET = 13.0;
				LD_RUNPATH_SEARCH_PATHS = (
					"$(inherited)",
					"@executable_path/../Frameworks",
					"@loader_path/Frameworks",
				);
				MARKETING_VERSION = 1.0;
				MODULE_VERIFIER_SUPPORTED_LANGUAGES = "objective-c objective-c++";
				MODULE_VERIFIER_SUPPORTED_LANGUAGE_STANDARDS = "gnu11 gnu++20";
				PRODUCT_BUNDLE_IDENTIFIER = Charan.EssentialFeed;
				PRODUCT_NAME = "$(TARGET_NAME:c99extidentifier)";
				SKIP_INSTALL = YES;
				SUPPORTED_PLATFORMS = "iphoneos iphonesimulator macosx";
				SUPPORTS_MACCATALYST = NO;
				SUPPORTS_MAC_DESIGNED_FOR_IPHONE_IPAD = NO;
				SWIFT_EMIT_LOC_STRINGS = YES;
				SWIFT_VERSION = 5.0;
				TARGETED_DEVICE_FAMILY = "1,2";
			};
			name = Release;
		};
		0A7EDD7E2A7634970038D842 /* Debug */ = {
			isa = XCBuildConfiguration;
			buildSettings = {
				ALWAYS_EMBED_SWIFT_STANDARD_LIBRARIES = YES;
				CODE_SIGN_STYLE = Automatic;
				CURRENT_PROJECT_VERSION = 1;
				DEVELOPMENT_TEAM = 3V478SWB7K;
				GENERATE_INFOPLIST_FILE = YES;
				MARKETING_VERSION = 1.0;
				PRODUCT_BUNDLE_IDENTIFIER = Charan.EssentialFeedTests;
				PRODUCT_NAME = "$(TARGET_NAME)";
				SWIFT_EMIT_LOC_STRINGS = NO;
				SWIFT_VERSION = 5.0;
			};
			name = Debug;
		};
		0A7EDD7F2A7634970038D842 /* Release */ = {
			isa = XCBuildConfiguration;
			buildSettings = {
				ALWAYS_EMBED_SWIFT_STANDARD_LIBRARIES = YES;
				CODE_SIGN_STYLE = Automatic;
				CURRENT_PROJECT_VERSION = 1;
				DEVELOPMENT_TEAM = 3V478SWB7K;
				GENERATE_INFOPLIST_FILE = YES;
				MARKETING_VERSION = 1.0;
				PRODUCT_BUNDLE_IDENTIFIER = Charan.EssentialFeedTests;
				PRODUCT_NAME = "$(TARGET_NAME)";
				SWIFT_EMIT_LOC_STRINGS = NO;
				SWIFT_VERSION = 5.0;
			};
			name = Release;
		};
		0A91A54B2A8379DC00912806 /* Debug */ = {
			isa = XCBuildConfiguration;
			buildSettings = {
				CODE_SIGN_STYLE = Automatic;
				CURRENT_PROJECT_VERSION = 1;
				DEFINES_MODULE = YES;
				DEVELOPMENT_TEAM = 3V478SWB7K;
				DYLIB_COMPATIBILITY_VERSION = 1;
				DYLIB_CURRENT_VERSION = 1;
				DYLIB_INSTALL_NAME_BASE = "@rpath";
				ENABLE_MODULE_VERIFIER = YES;
				GENERATE_INFOPLIST_FILE = YES;
				INFOPLIST_KEY_NSHumanReadableCopyright = "";
				INSTALL_PATH = "$(LOCAL_LIBRARY_DIR)/Frameworks";
				IPHONEOS_DEPLOYMENT_TARGET = 13.0;
				LD_RUNPATH_SEARCH_PATHS = (
					"$(inherited)",
					"@executable_path/Frameworks",
					"@loader_path/Frameworks",
				);
				MARKETING_VERSION = 1.0;
				MODULE_VERIFIER_SUPPORTED_LANGUAGES = "objective-c objective-c++";
				MODULE_VERIFIER_SUPPORTED_LANGUAGE_STANDARDS = "gnu11 gnu++20";
				PRODUCT_BUNDLE_IDENTIFIER = Charan.EssentialFeediOS;
				PRODUCT_NAME = "$(TARGET_NAME:c99extidentifier)";
				SDKROOT = iphoneos;
				SKIP_INSTALL = YES;
				SWIFT_EMIT_LOC_STRINGS = YES;
				SWIFT_VERSION = 5.0;
				TARGETED_DEVICE_FAMILY = "1,2";
			};
			name = Debug;
		};
		0A91A54C2A8379DC00912806 /* Release */ = {
			isa = XCBuildConfiguration;
			buildSettings = {
				CODE_SIGN_STYLE = Automatic;
				CURRENT_PROJECT_VERSION = 1;
				DEFINES_MODULE = YES;
				DEVELOPMENT_TEAM = 3V478SWB7K;
				DYLIB_COMPATIBILITY_VERSION = 1;
				DYLIB_CURRENT_VERSION = 1;
				DYLIB_INSTALL_NAME_BASE = "@rpath";
				ENABLE_MODULE_VERIFIER = YES;
				GENERATE_INFOPLIST_FILE = YES;
				INFOPLIST_KEY_NSHumanReadableCopyright = "";
				INSTALL_PATH = "$(LOCAL_LIBRARY_DIR)/Frameworks";
				IPHONEOS_DEPLOYMENT_TARGET = 13.0;
				LD_RUNPATH_SEARCH_PATHS = (
					"$(inherited)",
					"@executable_path/Frameworks",
					"@loader_path/Frameworks",
				);
				MARKETING_VERSION = 1.0;
				MODULE_VERIFIER_SUPPORTED_LANGUAGES = "objective-c objective-c++";
				MODULE_VERIFIER_SUPPORTED_LANGUAGE_STANDARDS = "gnu11 gnu++20";
				PRODUCT_BUNDLE_IDENTIFIER = Charan.EssentialFeediOS;
				PRODUCT_NAME = "$(TARGET_NAME:c99extidentifier)";
				SDKROOT = iphoneos;
				SKIP_INSTALL = YES;
				SWIFT_EMIT_LOC_STRINGS = YES;
				SWIFT_VERSION = 5.0;
				TARGETED_DEVICE_FAMILY = "1,2";
				VALIDATE_PRODUCT = YES;
			};
			name = Release;
		};
		0A91A54D2A8379DC00912806 /* Debug */ = {
			isa = XCBuildConfiguration;
			buildSettings = {
				ALWAYS_EMBED_SWIFT_STANDARD_LIBRARIES = YES;
				CLANG_ENABLE_MODULES = YES;
				CODE_SIGN_STYLE = Automatic;
				CURRENT_PROJECT_VERSION = 1;
				DEVELOPMENT_TEAM = 3V478SWB7K;
				GENERATE_INFOPLIST_FILE = YES;
				IPHONEOS_DEPLOYMENT_TARGET = 13.0;
				MARKETING_VERSION = 1.0;
				PRODUCT_BUNDLE_IDENTIFIER = Charan.EssentialFeediOSTests;
				PRODUCT_NAME = "$(TARGET_NAME)";
				SDKROOT = iphoneos;
				SWIFT_EMIT_LOC_STRINGS = NO;
				SWIFT_OPTIMIZATION_LEVEL = "-Onone";
				SWIFT_VERSION = 5.0;
				TARGETED_DEVICE_FAMILY = "1,2";
			};
			name = Debug;
		};
		0A91A54E2A8379DC00912806 /* Release */ = {
			isa = XCBuildConfiguration;
			buildSettings = {
				ALWAYS_EMBED_SWIFT_STANDARD_LIBRARIES = YES;
				CLANG_ENABLE_MODULES = YES;
				CODE_SIGN_STYLE = Automatic;
				CURRENT_PROJECT_VERSION = 1;
				DEVELOPMENT_TEAM = 3V478SWB7K;
				GENERATE_INFOPLIST_FILE = YES;
				IPHONEOS_DEPLOYMENT_TARGET = 13.0;
				MARKETING_VERSION = 1.0;
				PRODUCT_BUNDLE_IDENTIFIER = Charan.EssentialFeediOSTests;
				PRODUCT_NAME = "$(TARGET_NAME)";
				SDKROOT = iphoneos;
				SWIFT_EMIT_LOC_STRINGS = NO;
				SWIFT_VERSION = 5.0;
				TARGETED_DEVICE_FAMILY = "1,2";
				VALIDATE_PRODUCT = YES;
			};
			name = Release;
		};
/* End XCBuildConfiguration section */

/* Begin XCConfigurationList section */
		0A4D2DF32A797950008A9477 /* Build configuration list for PBXNativeTarget "EssentialFeedEndToEndTests" */ = {
			isa = XCConfigurationList;
			buildConfigurations = (
				0A4D2DF12A797950008A9477 /* Debug */,
				0A4D2DF22A797950008A9477 /* Release */,
			);
			defaultConfigurationIsVisible = 0;
			defaultConfigurationName = Release;
		};
		0A7EDD602A7634960038D842 /* Build configuration list for PBXProject "EssentialFeed" */ = {
			isa = XCConfigurationList;
			buildConfigurations = (
				0A7EDD782A7634970038D842 /* Debug */,
				0A7EDD792A7634970038D842 /* Release */,
			);
			defaultConfigurationIsVisible = 0;
			defaultConfigurationName = Release;
		};
		0A7EDD7A2A7634970038D842 /* Build configuration list for PBXNativeTarget "EssentialFeed" */ = {
			isa = XCConfigurationList;
			buildConfigurations = (
				0A7EDD7B2A7634970038D842 /* Debug */,
				0A7EDD7C2A7634970038D842 /* Release */,
			);
			defaultConfigurationIsVisible = 0;
			defaultConfigurationName = Release;
		};
		0A7EDD7D2A7634970038D842 /* Build configuration list for PBXNativeTarget "EssentialFeedTests" */ = {
			isa = XCConfigurationList;
			buildConfigurations = (
				0A7EDD7E2A7634970038D842 /* Debug */,
				0A7EDD7F2A7634970038D842 /* Release */,
			);
			defaultConfigurationIsVisible = 0;
			defaultConfigurationName = Release;
		};
		0A91A54F2A8379DC00912806 /* Build configuration list for PBXNativeTarget "EssentialFeediOS" */ = {
			isa = XCConfigurationList;
			buildConfigurations = (
				0A91A54B2A8379DC00912806 /* Debug */,
				0A91A54C2A8379DC00912806 /* Release */,
			);
			defaultConfigurationIsVisible = 0;
			defaultConfigurationName = Release;
		};
		0A91A5502A8379DC00912806 /* Build configuration list for PBXNativeTarget "EssentialFeediOSTests" */ = {
			isa = XCConfigurationList;
			buildConfigurations = (
				0A91A54D2A8379DC00912806 /* Debug */,
				0A91A54E2A8379DC00912806 /* Release */,
			);
			defaultConfigurationIsVisible = 0;
			defaultConfigurationName = Release;
		};
/* End XCConfigurationList section */

/* Begin XCVersionGroup section */
		0AECCCDE2A7F73850091BB1B /* CoreDataFeed.xcdatamodeld */ = {
			isa = XCVersionGroup;
			children = (
				0AECCCDF2A7F73850091BB1B /* FeedDataModel.xcdatamodel */,
			);
			currentVersion = 0AECCCDF2A7F73850091BB1B /* FeedDataModel.xcdatamodel */;
			path = CoreDataFeed.xcdatamodeld;
			sourceTree = "<group>";
			versionGroupType = wrapper.xcdatamodel;
		};
/* End XCVersionGroup section */
	};
	rootObject = 0A7EDD5D2A7634960038D842 /* Project object */;
}
